
Microsoft Visual Studio Solution File, Format Version 12.00
# Visual Studio Version 17
VisualStudioVersion = 17.5.002.0
MinimumVisualStudioVersion = 10.0.40219.1
Project("{9A19103F-16F7-4668-BE54-9A1E7A4F7556}") = "Api", "Api\Api.csproj", "{3D77EE25-8646-40C0-A350-3E80C5D862AD}"
EndProject
Global
	GlobalSection(SolutionConfigurationPlatforms) = preSolution
		Debug|Any CPU = Debug|Any CPU
		Release|Any CPU = Release|Any CPU
	EndGlobalSection
	GlobalSection(ProjectConfigurationPlatforms) = postSolution
		{3D77EE25-8646-40C0-A350-3E80C5D862AD}.Debug|Any CPU.ActiveCfg = Debug|Any CPU
		{3D77EE25-8646-40C0-A350-3E80C5D862AD}.Debug|Any CPU.Build.0 = Debug|Any CPU
		{3D77EE25-8646-40C0-A350-3E80C5D862AD}.Release|Any CPU.ActiveCfg = Release|Any CPU
		{3D77EE25-8646-40C0-A350-3E80C5D862AD}.Release|Any CPU.Build.0 = Release|Any CPU
	EndGlobalSection
	GlobalSection(SolutionProperties) = preSolution
		HideSolutionNode = FALSE
	EndGlobalSection
	GlobalSection(ExtensibilityGlobals) = postSolution
		SolutionGuid = {49D25C20-3217-4F35-997D-9F6960584F2E}
	EndGlobalSection
EndGlobal
